
Microsoft Visual Studio Solution File, Format Version 12.00
# Visual Studio Version 17
VisualStudioVersion = 17.6.33829.357
MinimumVisualStudioVersion = 10.0.40219.1
Project("{9A19103F-16F7-4668-BE54-9A1E7A4F7556}") = "ECommerce.Entity", "ECommerce.Entity\ECommerce.Entity.csproj", "{A674BDCA-26BC-413D-AD63-DEE71E20D734}"
EndProject
Project("{9A19103F-16F7-4668-BE54-9A1E7A4F7556}") = "ECommerce.DAL", "ECommerce.DAL\ECommerce.DAL.csproj", "{4CC92153-88C6-4E1D-9308-61420FDC1AA3}"
EndProject
Project("{9A19103F-16F7-4668-BE54-9A1E7A4F7556}") = "ECommerce.BLL", "ECommerce.BLL\ECommerce.BLL.csproj", "{BB506A9C-4C42-4A95-8627-AB66D1D30139}"
EndProject
Project("{FAE04EC0-301F-11D3-BF4B-00C04F79EFBC}") = "ECommerce.MVC", "ECommerce.MVC\ECommerce.MVC.csproj", "{95DF3409-B89C-4CE2-A757-6ED7A5D0E9DF}"
EndProject
Project("{FAE04EC0-301F-11D3-BF4B-00C04F79EFBC}") = "ECommerce.IOC", "ECommerce.IOC\ECommerce.IOC.csproj", "{BC351767-0801-4ED3-9657-9BC9E071AA00}"
EndProject
Global
	GlobalSection(SolutionConfigurationPlatforms) = preSolution
		Debug|Any CPU = Debug|Any CPU
		Release|Any CPU = Release|Any CPU
	EndGlobalSection
	GlobalSection(ProjectConfigurationPlatforms) = postSolution
		{A674BDCA-26BC-413D-AD63-DEE71E20D734}.Debug|Any CPU.ActiveCfg = Debug|Any CPU
		{A674BDCA-26BC-413D-AD63-DEE71E20D734}.Debug|Any CPU.Build.0 = Debug|Any CPU
		{A674BDCA-26BC-413D-AD63-DEE71E20D734}.Release|Any CPU.ActiveCfg = Release|Any CPU
		{A674BDCA-26BC-413D-AD63-DEE71E20D734}.Release|Any CPU.Build.0 = Release|Any CPU
		{4CC92153-88C6-4E1D-9308-61420FDC1AA3}.Debug|Any CPU.ActiveCfg = Debug|Any CPU
		{4CC92153-88C6-4E1D-9308-61420FDC1AA3}.Debug|Any CPU.Build.0 = Debug|Any CPU
		{4CC92153-88C6-4E1D-9308-61420FDC1AA3}.Release|Any CPU.ActiveCfg = Release|Any CPU
		{4CC92153-88C6-4E1D-9308-61420FDC1AA3}.Release|Any CPU.Build.0 = Release|Any CPU
		{BB506A9C-4C42-4A95-8627-AB66D1D30139}.Debug|Any CPU.ActiveCfg = Debug|Any CPU
		{BB506A9C-4C42-4A95-8627-AB66D1D30139}.Debug|Any CPU.Build.0 = Debug|Any CPU
		{BB506A9C-4C42-4A95-8627-AB66D1D30139}.Release|Any CPU.ActiveCfg = Release|Any CPU
		{BB506A9C-4C42-4A95-8627-AB66D1D30139}.Release|Any CPU.Build.0 = Release|Any CPU
		{95DF3409-B89C-4CE2-A757-6ED7A5D0E9DF}.Debug|Any CPU.ActiveCfg = Debug|Any CPU
		{95DF3409-B89C-4CE2-A757-6ED7A5D0E9DF}.Debug|Any CPU.Build.0 = Debug|Any CPU
		{95DF3409-B89C-4CE2-A757-6ED7A5D0E9DF}.Release|Any CPU.ActiveCfg = Release|Any CPU
		{95DF3409-B89C-4CE2-A757-6ED7A5D0E9DF}.Release|Any CPU.Build.0 = Release|Any CPU
		{BC351767-0801-4ED3-9657-9BC9E071AA00}.Debug|Any CPU.ActiveCfg = Debug|Any CPU
		{BC351767-0801-4ED3-9657-9BC9E071AA00}.Debug|Any CPU.Build.0 = Debug|Any CPU
		{BC351767-0801-4ED3-9657-9BC9E071AA00}.Release|Any CPU.ActiveCfg = Release|Any CPU
		{BC351767-0801-4ED3-9657-9BC9E071AA00}.Release|Any CPU.Build.0 = Release|Any CPU
	EndGlobalSection
	GlobalSection(SolutionProperties) = preSolution
		HideSolutionNode = FALSE
	EndGlobalSection
	GlobalSection(ExtensibilityGlobals) = postSolution
		SolutionGuid = {AF5E5799-D6C5-4D37-8EC8-4FCD034BB98C}
	EndGlobalSection
EndGlobal
